
Microsoft Visual Studio Solution File, Format Version 12.00
# Visual Studio 2013
VisualStudioVersion = 12.0.31101.0
MinimumVisualStudioVersion = 10.0.40219.1
Project("{FAE04EC0-301F-11D3-BF4B-00C04F79EFBC}") = "Homepage", "Homepage\Homepage.csproj", "{67BC6539-3960-40CD-864A-E9C733824D06}"
EndProject
Project("{FAE04EC0-301F-11D3-BF4B-00C04F79EFBC}") = "Homepage.Tests", "Homepage.Tests\Homepage.Tests.csproj", "{D18FC62C-076A-4BA8-AE0C-54669E0022D4}"
EndProject
Global
	GlobalSection(SolutionConfigurationPlatforms) = preSolution
		Debug|Any CPU = Debug|Any CPU
		Release|Any CPU = Release|Any CPU
	EndGlobalSection
	GlobalSection(ProjectConfigurationPlatforms) = postSolution
		{67BC6539-3960-40CD-864A-E9C733824D06}.Debug|Any CPU.ActiveCfg = Debug|Any CPU
		{67BC6539-3960-40CD-864A-E9C733824D06}.Debug|Any CPU.Build.0 = Debug|Any CPU
		{67BC6539-3960-40CD-864A-E9C733824D06}.Release|Any CPU.ActiveCfg = Release|Any CPU
		{67BC6539-3960-40CD-864A-E9C733824D06}.Release|Any CPU.Build.0 = Release|Any CPU
		{D18FC62C-076A-4BA8-AE0C-54669E0022D4}.Debug|Any CPU.ActiveCfg = Debug|Any CPU
		{D18FC62C-076A-4BA8-AE0C-54669E0022D4}.Debug|Any CPU.Build.0 = Debug|Any CPU
		{D18FC62C-076A-4BA8-AE0C-54669E0022D4}.Release|Any CPU.ActiveCfg = Release|Any CPU
		{D18FC62C-076A-4BA8-AE0C-54669E0022D4}.Release|Any CPU.Build.0 = Release|Any CPU
	EndGlobalSection
	GlobalSection(SolutionProperties) = preSolution
		HideSolutionNode = FALSE
	EndGlobalSection
EndGlobal
